// !$*UTF8*$!
{
	archiveVersion = 1;
	classes = {
	};
	objectVersion = 77;
	objects = {

/* Begin PBXBuildFile section */
		A35622E72EF1B1300084E931 /* FirebaseAuth in Frameworks */ = {isa = PBXBuildFile; productRef = A35622E62EF1B1300084E931 /* FirebaseAuth */; };
		A35622FC2EF1C02E0084E931 /* SignInAppleAsync in Frameworks */ = {isa = PBXBuildFile; productRef = A35622FB2EF1C02D0084E931 /* SignInAppleAsync */; };
		A35623092EF326E20084E931 /* FirebaseFirestore in Frameworks */ = {isa = PBXBuildFile; productRef = A35623082EF326E20084E931 /* FirebaseFirestore */; };
		A356230C2EF336240084E931 /* SwiftfulFirestore in Frameworks */ = {isa = PBXBuildFile; productRef = A356230B2EF336240084E931 /* SwiftfulFirestore */; };
		A3F4E8982DB6B4BA008F48D3 /* SDWebImageSwiftUI in Frameworks */ = {isa = PBXBuildFile; productRef = A3F4E8972DB6B4BA008F48D3 /* SDWebImageSwiftUI */; };
		A3F4E8DB2DBFD51F008F48D3 /* SwiftfulUtilities in Frameworks */ = {isa = PBXBuildFile; productRef = A3F4E8DA2DBFD51F008F48D3 /* SwiftfulUtilities */; };
/* End PBXBuildFile section */

/* Begin PBXContainerItemProxy section */
		A3011F522D5AE18C005A274F /* PBXContainerItemProxy */ = {
			isa = PBXContainerItemProxy;
			containerPortal = A3011F382D5AE18B005A274F /* Project object */;
			proxyType = 1;
			remoteGlobalIDString = A3011F3F2D5AE18B005A274F;
			remoteInfo = AiChatApp;
		};
		A3011F5C2D5AE18C005A274F /* PBXContainerItemProxy */ = {
			isa = PBXContainerItemProxy;
			containerPortal = A3011F382D5AE18B005A274F /* Project object */;
			proxyType = 1;
			remoteGlobalIDString = A3011F3F2D5AE18B005A274F;
			remoteInfo = AiChatApp;
		};
/* End PBXContainerItemProxy section */

/* Begin PBXFileReference section */
		A3011F402D5AE18B005A274F /* AiChatApp.app */ = {isa = PBXFileReference; explicitFileType = wrapper.application; includeInIndex = 0; path = AiChatApp.app; sourceTree = BUILT_PRODUCTS_DIR; };
		A3011F512D5AE18C005A274F /* AiChatAppTests.xctest */ = {isa = PBXFileReference; explicitFileType = wrapper.cfbundle; includeInIndex = 0; path = AiChatAppTests.xctest; sourceTree = BUILT_PRODUCTS_DIR; };
		A3011F5B2D5AE18C005A274F /* AiChatAppUITests.xctest */ = {isa = PBXFileReference; explicitFileType = wrapper.cfbundle; includeInIndex = 0; path = AiChatAppUITests.xctest; sourceTree = BUILT_PRODUCTS_DIR; };
/* End PBXFileReference section */

/* Begin PBXFileSystemSynchronizedRootGroup section */
		A3011F422D5AE18B005A274F /* AiChatApp */ = {
			isa = PBXFileSystemSynchronizedRootGroup;
			path = AiChatApp;
			sourceTree = "<group>";
		};
		A3011F542D5AE18C005A274F /* AiChatAppTests */ = {
			isa = PBXFileSystemSynchronizedRootGroup;
			path = AiChatAppTests;
			sourceTree = "<group>";
		};
		A3011F5E2D5AE18C005A274F /* AiChatAppUITests */ = {
			isa = PBXFileSystemSynchronizedRootGroup;
			path = AiChatAppUITests;
			sourceTree = "<group>";
		};
/* End PBXFileSystemSynchronizedRootGroup section */

/* Begin PBXFrameworksBuildPhase section */
		A3011F3D2D5AE18B005A274F /* Frameworks */ = {
			isa = PBXFrameworksBuildPhase;
			buildActionMask = 2147483647;
			files = (
				A35622FC2EF1C02E0084E931 /* SignInAppleAsync in Frameworks */,
				A3F4E8982DB6B4BA008F48D3 /* SDWebImageSwiftUI in Frameworks */,
				A356230C2EF336240084E931 /* SwiftfulFirestore in Frameworks */,
				A35622E72EF1B1300084E931 /* FirebaseAuth in Frameworks */,
				A35623092EF326E20084E931 /* FirebaseFirestore in Frameworks */,
				A3F4E8DB2DBFD51F008F48D3 /* SwiftfulUtilities in Frameworks */,
			);
			runOnlyForDeploymentPostprocessing = 0;
		};
		A3011F4E2D5AE18C005A274F /* Frameworks */ = {
			isa = PBXFrameworksBuildPhase;
			buildActionMask = 2147483647;
			files = (
			);
			runOnlyForDeploymentPostprocessing = 0;
		};
		A3011F582D5AE18C005A274F /* Frameworks */ = {
			isa = PBXFrameworksBuildPhase;
			buildActionMask = 2147483647;
			files = (
			);
			runOnlyForDeploymentPostprocessing = 0;
		};
/* End PBXFrameworksBuildPhase section */

/* Begin PBXGroup section */
		A3011F372D5AE18B005A274F = {
			isa = PBXGroup;
			children = (
				A3011F422D5AE18B005A274F /* AiChatApp */,
				A3011F542D5AE18C005A274F /* AiChatAppTests */,
				A3011F5E2D5AE18C005A274F /* AiChatAppUITests */,
				A35622F72EF1BF9C0084E931 /* Frameworks */,
				A3011F412D5AE18B005A274F /* Products */,
			);
			sourceTree = "<group>";
		};
		A3011F412D5AE18B005A274F /* Products */ = {
			isa = PBXGroup;
			children = (
				A3011F402D5AE18B005A274F /* AiChatApp.app */,
				A3011F512D5AE18C005A274F /* AiChatAppTests.xctest */,
				A3011F5B2D5AE18C005A274F /* AiChatAppUITests.xctest */,
			);
			name = Products;
			sourceTree = "<group>";
		};
		A35622F72EF1BF9C0084E931 /* Frameworks */ = {
			isa = PBXGroup;
			children = (
			);
			name = Frameworks;
			sourceTree = "<group>";
		};
/* End PBXGroup section */

/* Begin PBXNativeTarget section */
		A3011F3F2D5AE18B005A274F /* AiChatApp */ = {
			isa = PBXNativeTarget;
			buildConfigurationList = A3011F652D5AE18C005A274F /* Build configuration list for PBXNativeTarget "AiChatApp" */;
			buildPhases = (
				A3011F3C2D5AE18B005A274F /* Sources */,
				A3011F3D2D5AE18B005A274F /* Frameworks */,
				A3011F3E2D5AE18B005A274F /* Resources */,
				A3011FA92D5AEFCF005A274F /* SwiftLint Script */,
			);
			buildRules = (
			);
			dependencies = (
			);
			fileSystemSynchronizedGroups = (
				A3011F422D5AE18B005A274F /* AiChatApp */,
			);
			name = AiChatApp;
			packageProductDependencies = (
				A3F4E8972DB6B4BA008F48D3 /* SDWebImageSwiftUI */,
				A3F4E8DA2DBFD51F008F48D3 /* SwiftfulUtilities */,
				A35622E62EF1B1300084E931 /* FirebaseAuth */,
				A35622FB2EF1C02D0084E931 /* SignInAppleAsync */,
				A35623082EF326E20084E931 /* FirebaseFirestore */,
				A356230B2EF336240084E931 /* SwiftfulFirestore */,
			);
			productName = AiChatApp;
			productReference = A3011F402D5AE18B005A274F /* AiChatApp.app */;
			productType = "com.apple.product-type.application";
		};
		A3011F502D5AE18C005A274F /* AiChatAppTests */ = {
			isa = PBXNativeTarget;
			buildConfigurationList = A3011F682D5AE18C005A274F /* Build configuration list for PBXNativeTarget "AiChatAppTests" */;
			buildPhases = (
				A3011F4D2D5AE18C005A274F /* Sources */,
				A3011F4E2D5AE18C005A274F /* Frameworks */,
				A3011F4F2D5AE18C005A274F /* Resources */,
			);
			buildRules = (
			);
			dependencies = (
				A3011F532D5AE18C005A274F /* PBXTargetDependency */,
			);
			fileSystemSynchronizedGroups = (
				A3011F542D5AE18C005A274F /* AiChatAppTests */,
			);
			name = AiChatAppTests;
			packageProductDependencies = (
			);
			productName = AiChatAppTests;
			productReference = A3011F512D5AE18C005A274F /* AiChatAppTests.xctest */;
			productType = "com.apple.product-type.bundle.unit-test";
		};
		A3011F5A2D5AE18C005A274F /* AiChatAppUITests */ = {
			isa = PBXNativeTarget;
			buildConfigurationList = A3011F6B2D5AE18C005A274F /* Build configuration list for PBXNativeTarget "AiChatAppUITests" */;
			buildPhases = (
				A3011F572D5AE18C005A274F /* Sources */,
				A3011F582D5AE18C005A274F /* Frameworks */,
				A3011F592D5AE18C005A274F /* Resources */,
			);
			buildRules = (
			);
			dependencies = (
				A3011F5D2D5AE18C005A274F /* PBXTargetDependency */,
			);
			fileSystemSynchronizedGroups = (
				A3011F5E2D5AE18C005A274F /* AiChatAppUITests */,
			);
			name = AiChatAppUITests;
			packageProductDependencies = (
			);
			productName = AiChatAppUITests;
			productReference = A3011F5B2D5AE18C005A274F /* AiChatAppUITests.xctest */;
			productType = "com.apple.product-type.bundle.ui-testing";
		};
/* End PBXNativeTarget section */

/* Begin PBXProject section */
		A3011F382D5AE18B005A274F /* Project object */ = {
			isa = PBXProject;
			attributes = {
				BuildIndependentTargetsInParallel = 1;
				LastSwiftUpdateCheck = 1620;
				LastUpgradeCheck = 1620;
				TargetAttributes = {
					A3011F3F2D5AE18B005A274F = {
						CreatedOnToolsVersion = 16.2;
					};
					A3011F502D5AE18C005A274F = {
						CreatedOnToolsVersion = 16.2;
						TestTargetID = A3011F3F2D5AE18B005A274F;
					};
					A3011F5A2D5AE18C005A274F = {
						CreatedOnToolsVersion = 16.2;
						TestTargetID = A3011F3F2D5AE18B005A274F;
					};
				};
			};
			buildConfigurationList = A3011F3B2D5AE18B005A274F /* Build configuration list for PBXProject "AiChatApp" */;
			developmentRegion = en;
			hasScannedForEncodings = 0;
			knownRegions = (
				en,
				Base,
			);
			mainGroup = A3011F372D5AE18B005A274F;
			minimizedProjectReferenceProxies = 1;
			packageReferences = (
				A3F4E8962DB6B4BA008F48D3 /* XCRemoteSwiftPackageReference "SDWebImageSwiftUI" */,
				A3F4E8D92DBFD51F008F48D3 /* XCRemoteSwiftPackageReference "SwiftfulUtilities" */,
				A35622E52EF1B1300084E931 /* XCRemoteSwiftPackageReference "firebase-ios-sdk" */,
				A35622FA2EF1C02D0084E931 /* XCRemoteSwiftPackageReference "SignInAppleAsync" */,
				A356230A2EF336240084E931 /* XCRemoteSwiftPackageReference "SwiftfulFirestore" */,
			);
			preferredProjectObjectVersion = 77;
			productRefGroup = A3011F412D5AE18B005A274F /* Products */;
			projectDirPath = "";
			projectRoot = "";
			targets = (
				A3011F3F2D5AE18B005A274F /* AiChatApp */,
				A3011F502D5AE18C005A274F /* AiChatAppTests */,
				A3011F5A2D5AE18C005A274F /* AiChatAppUITests */,
			);
		};
/* End PBXProject section */

/* Begin PBXResourcesBuildPhase section */
		A3011F3E2D5AE18B005A274F /* Resources */ = {
			isa = PBXResourcesBuildPhase;
			buildActionMask = 2147483647;
			files = (
			);
			runOnlyForDeploymentPostprocessing = 0;
		};
		A3011F4F2D5AE18C005A274F /* Resources */ = {
			isa = PBXResourcesBuildPhase;
			buildActionMask = 2147483647;
			files = (
			);
			runOnlyForDeploymentPostprocessing = 0;
		};
		A3011F592D5AE18C005A274F /* Resources */ = {
			isa = PBXResourcesBuildPhase;
			buildActionMask = 2147483647;
			files = (
			);
			runOnlyForDeploymentPostprocessing = 0;
		};
/* End PBXResourcesBuildPhase section */

/* Begin PBXShellScriptBuildPhase section */
		A3011FA92D5AEFCF005A274F /* SwiftLint Script */ = {
			isa = PBXShellScriptBuildPhase;
			alwaysOutOfDate = 1;
			buildActionMask = 12;
			files = (
			);
			inputFileListPaths = (
			);
			inputPaths = (
			);
			name = "SwiftLint Script";
			outputFileListPaths = (
			);
			outputPaths = (
			);
			runOnlyForDeploymentPostprocessing = 0;
			shellPath = /bin/sh;
			shellScript = "if [[ -z \"$CI\" ]]; then\n    if [[ \"$(uname -m)\" == arm64 ]]; then\n        export PATH=\"/opt/homebrew/bin:$PATH\"\n    fi\n\n    # Check if running in a SwiftUI preview\n    if [ \"$XCODE_RUNNING_FOR_PREVIEWS\" != \"1\" ]; then\n        if which swiftlint > /dev/null; then\n            swiftlint # --fix && swiftlint\n        else\n            echo \"warning: SwiftLint not installed, download from https://github.com/realm/SwiftLint\"\n        fi\n    fi\nelse \n    # Running Xcode Cloud\n    echo \"Running in Xcode Cloud. Skipping SwiftLint.\"\nfi\n";
			showEnvVarsInLog = 0;
		};
/* End PBXShellScriptBuildPhase section */

/* Begin PBXSourcesBuildPhase section */
		A3011F3C2D5AE18B005A274F /* Sources */ = {
			isa = PBXSourcesBuildPhase;
			buildActionMask = 2147483647;
			files = (
			);
			runOnlyForDeploymentPostprocessing = 0;
		};
		A3011F4D2D5AE18C005A274F /* Sources */ = {
			isa = PBXSourcesBuildPhase;
			buildActionMask = 2147483647;
			files = (
			);
			runOnlyForDeploymentPostprocessing = 0;
		};
		A3011F572D5AE18C005A274F /* Sources */ = {
			isa = PBXSourcesBuildPhase;
			buildActionMask = 2147483647;
			files = (
			);
			runOnlyForDeploymentPostprocessing = 0;
		};
/* End PBXSourcesBuildPhase section */

/* Begin PBXTargetDependency section */
		A3011F532D5AE18C005A274F /* PBXTargetDependency */ = {
			isa = PBXTargetDependency;
			target = A3011F3F2D5AE18B005A274F /* AiChatApp */;
			targetProxy = A3011F522D5AE18C005A274F /* PBXContainerItemProxy */;
		};
		A3011F5D2D5AE18C005A274F /* PBXTargetDependency */ = {
			isa = PBXTargetDependency;
			target = A3011F3F2D5AE18B005A274F /* AiChatApp */;
			targetProxy = A3011F5C2D5AE18C005A274F /* PBXContainerItemProxy */;
		};
/* End PBXTargetDependency section */

/* Begin XCBuildConfiguration section */
		A3011F632D5AE18C005A274F /* Debug */ = {
			isa = XCBuildConfiguration;
			buildSettings = {
				ALWAYS_SEARCH_USER_PATHS = NO;
				ASSETCATALOG_COMPILER_GENERATE_SWIFT_ASSET_SYMBOL_EXTENSIONS = YES;
				CLANG_ANALYZER_NONNULL = YES;
				CLANG_ANALYZER_NUMBER_OBJECT_CONVERSION = YES_AGGRESSIVE;
				CLANG_CXX_LANGUAGE_STANDARD = "gnu++20";
				CLANG_ENABLE_MODULES = YES;
				CLANG_ENABLE_OBJC_ARC = YES;
				CLANG_ENABLE_OBJC_WEAK = YES;
				CLANG_WARN_BLOCK_CAPTURE_AUTORELEASING = YES;
				CLANG_WARN_BOOL_CONVERSION = YES;
				CLANG_WARN_COMMA = YES;
				CLANG_WARN_CONSTANT_CONVERSION = YES;
				CLANG_WARN_DEPRECATED_OBJC_IMPLEMENTATIONS = YES;
				CLANG_WARN_DIRECT_OBJC_ISA_USAGE = YES_ERROR;
				CLANG_WARN_DOCUMENTATION_COMMENTS = YES;
				CLANG_WARN_EMPTY_BODY = YES;
				CLANG_WARN_ENUM_CONVERSION = YES;
				CLANG_WARN_INFINITE_RECURSION = YES;
				CLANG_WARN_INT_CONVERSION = YES;
				CLANG_WARN_NON_LITERAL_NULL_CONVERSION = YES;
				CLANG_WARN_OBJC_IMPLICIT_RETAIN_SELF = YES;
				CLANG_WARN_OBJC_LITERAL_CONVERSION = YES;
				CLANG_WARN_OBJC_ROOT_CLASS = YES_ERROR;
				CLANG_WARN_QUOTED_INCLUDE_IN_FRAMEWORK_HEADER = YES;
				CLANG_WARN_RANGE_LOOP_ANALYSIS = YES;
				CLANG_WARN_STRICT_PROTOTYPES = YES;
				CLANG_WARN_SUSPICIOUS_MOVE = YES;
				CLANG_WARN_UNGUARDED_AVAILABILITY = YES_AGGRESSIVE;
				CLANG_WARN_UNREACHABLE_CODE = YES;
				CLANG_WARN__DUPLICATE_METHOD_MATCH = YES;
				COPY_PHASE_STRIP = NO;
				DEBUG_INFORMATION_FORMAT = dwarf;
				ENABLE_STRICT_OBJC_MSGSEND = YES;
				ENABLE_TESTABILITY = YES;
				ENABLE_USER_SCRIPT_SANDBOXING = YES;
				GCC_C_LANGUAGE_STANDARD = gnu17;
				GCC_DYNAMIC_NO_PIC = NO;
				GCC_NO_COMMON_BLOCKS = YES;
				GCC_OPTIMIZATION_LEVEL = 0;
				GCC_PREPROCESSOR_DEFINITIONS = (
					"DEBUG=1",
					"$(inherited)",
				);
				GCC_WARN_64_TO_32_BIT_CONVERSION = YES;
				GCC_WARN_ABOUT_RETURN_TYPE = YES_ERROR;
				GCC_WARN_UNDECLARED_SELECTOR = YES;
				GCC_WARN_UNINITIALIZED_AUTOS = YES_AGGRESSIVE;
				GCC_WARN_UNUSED_FUNCTION = YES;
				GCC_WARN_UNUSED_VARIABLE = YES;
				LOCALIZATION_PREFERS_STRING_CATALOGS = YES;
				MTL_ENABLE_DEBUG_INFO = INCLUDE_SOURCE;
				MTL_FAST_MATH = YES;
				ONLY_ACTIVE_ARCH = YES;
				SWIFT_ACTIVE_COMPILATION_CONDITIONS = "DEBUG $(inherited)";
				SWIFT_OPTIMIZATION_LEVEL = "-Onone";
			};
			name = Debug;
		};
		A3011F642D5AE18C005A274F /* Release */ = {
			isa = XCBuildConfiguration;
			buildSettings = {
				ALWAYS_SEARCH_USER_PATHS = NO;
				ASSETCATALOG_COMPILER_GENERATE_SWIFT_ASSET_SYMBOL_EXTENSIONS = YES;
				CLANG_ANALYZER_NONNULL = YES;
				CLANG_ANALYZER_NUMBER_OBJECT_CONVERSION = YES_AGGRESSIVE;
				CLANG_CXX_LANGUAGE_STANDARD = "gnu++20";
				CLANG_ENABLE_MODULES = YES;
				CLANG_ENABLE_OBJC_ARC = YES;
				CLANG_ENABLE_OBJC_WEAK = YES;
				CLANG_WARN_BLOCK_CAPTURE_AUTORELEASING = YES;
				CLANG_WARN_BOOL_CONVERSION = YES;
				CLANG_WARN_COMMA = YES;
				CLANG_WARN_CONSTANT_CONVERSION = YES;
				CLANG_WARN_DEPRECATED_OBJC_IMPLEMENTATIONS = YES;
				CLANG_WARN_DIRECT_OBJC_ISA_USAGE = YES_ERROR;
				CLANG_WARN_DOCUMENTATION_COMMENTS = YES;
				CLANG_WARN_EMPTY_BODY = YES;
				CLANG_WARN_ENUM_CONVERSION = YES;
				CLANG_WARN_INFINITE_RECURSION = YES;
				CLANG_WARN_INT_CONVERSION = YES;
				CLANG_WARN_NON_LITERAL_NULL_CONVERSION = YES;
				CLANG_WARN_OBJC_IMPLICIT_RETAIN_SELF = YES;
				CLANG_WARN_OBJC_LITERAL_CONVERSION = YES;
				CLANG_WARN_OBJC_ROOT_CLASS = YES_ERROR;
				CLANG_WARN_QUOTED_INCLUDE_IN_FRAMEWORK_HEADER = YES;
				CLANG_WARN_RANGE_LOOP_ANALYSIS = YES;
				CLANG_WARN_STRICT_PROTOTYPES = YES;
				CLANG_WARN_SUSPICIOUS_MOVE = YES;
				CLANG_WARN_UNGUARDED_AVAILABILITY = YES_AGGRESSIVE;
				CLANG_WARN_UNREACHABLE_CODE = YES;
				CLANG_WARN__DUPLICATE_METHOD_MATCH = YES;
				COPY_PHASE_STRIP = NO;
				DEBUG_INFORMATION_FORMAT = "dwarf-with-dsym";
				ENABLE_NS_ASSERTIONS = NO;
				ENABLE_STRICT_OBJC_MSGSEND = YES;
				ENABLE_USER_SCRIPT_SANDBOXING = YES;
				GCC_C_LANGUAGE_STANDARD = gnu17;
				GCC_NO_COMMON_BLOCKS = YES;
				GCC_WARN_64_TO_32_BIT_CONVERSION = YES;
				GCC_WARN_ABOUT_RETURN_TYPE = YES_ERROR;
				GCC_WARN_UNDECLARED_SELECTOR = YES;
				GCC_WARN_UNINITIALIZED_AUTOS = YES_AGGRESSIVE;
				GCC_WARN_UNUSED_FUNCTION = YES;
				GCC_WARN_UNUSED_VARIABLE = YES;
				LOCALIZATION_PREFERS_STRING_CATALOGS = YES;
				MTL_ENABLE_DEBUG_INFO = NO;
				MTL_FAST_MATH = YES;
				SWIFT_COMPILATION_MODE = wholemodule;
			};
			name = Release;
		};
		A3011F662D5AE18C005A274F /* Debug */ = {
			isa = XCBuildConfiguration;
			buildSettings = {
				ASSETCATALOG_COMPILER_APPICON_NAME = AppIcon;
				ASSETCATALOG_COMPILER_GLOBAL_ACCENT_COLOR_NAME = AccentColor;
				CODE_SIGN_ENTITLEMENTS = AiChatApp/AiChatApp.entitlements;
				CODE_SIGN_STYLE = Automatic;
				CURRENT_PROJECT_VERSION = 1;
				DEVELOPMENT_ASSET_PATHS = "\"AiChatApp/Preview Content\"";
				DEVELOPMENT_TEAM = P2GURVV2B3;
				ENABLE_HARDENED_RUNTIME = YES;
				ENABLE_PREVIEWS = YES;
				ENABLE_USER_SCRIPT_SANDBOXING = NO;
				GENERATE_INFOPLIST_FILE = YES;
				INFOPLIST_KEY_CFBundleDisplayName = "Ai Chat";
				"INFOPLIST_KEY_UIApplicationSceneManifest_Generation[sdk=iphoneos*]" = YES;
				"INFOPLIST_KEY_UIApplicationSceneManifest_Generation[sdk=iphonesimulator*]" = YES;
				"INFOPLIST_KEY_UIApplicationSupportsIndirectInputEvents[sdk=iphoneos*]" = YES;
				"INFOPLIST_KEY_UIApplicationSupportsIndirectInputEvents[sdk=iphonesimulator*]" = YES;
				"INFOPLIST_KEY_UILaunchScreen_Generation[sdk=iphoneos*]" = YES;
				"INFOPLIST_KEY_UILaunchScreen_Generation[sdk=iphonesimulator*]" = YES;
				INFOPLIST_KEY_UILaunchStoryboardName = LaunchScreen;
				"INFOPLIST_KEY_UIStatusBarStyle[sdk=iphoneos*]" = UIStatusBarStyleDefault;
				"INFOPLIST_KEY_UIStatusBarStyle[sdk=iphonesimulator*]" = UIStatusBarStyleDefault;
				INFOPLIST_KEY_UISupportedInterfaceOrientations_iPad = "UIInterfaceOrientationPortrait UIInterfaceOrientationPortraitUpsideDown UIInterfaceOrientationLandscapeLeft UIInterfaceOrientationLandscapeRight";
				INFOPLIST_KEY_UISupportedInterfaceOrientations_iPhone = "UIInterfaceOrientationPortrait UIInterfaceOrientationLandscapeLeft UIInterfaceOrientationLandscapeRight";
				IPHONEOS_DEPLOYMENT_TARGET = 18.0;
				LD_RUNPATH_SEARCH_PATHS = "@executable_path/Frameworks";
				"LD_RUNPATH_SEARCH_PATHS[sdk=macosx*]" = "@executable_path/../Frameworks";
				MACOSX_DEPLOYMENT_TARGET = 15.2;
				MARKETING_VERSION = 1.0;
				PRODUCT_BUNDLE_IDENTIFIER = com.ivaniuk.aiChatApp.AiChatApp;
				PRODUCT_NAME = "$(TARGET_NAME)";
				SDKROOT = auto;
				SUPPORTED_PLATFORMS = "iphoneos iphonesimulator";
				SUPPORTS_MACCATALYST = YES;
				SWIFT_EMIT_LOC_STRINGS = YES;
				SWIFT_VERSION = 6.0;
				TARGETED_DEVICE_FAMILY = "1,2";
				XROS_DEPLOYMENT_TARGET = 2.2;
			};
			name = Debug;
		};
		A3011F672D5AE18C005A274F /* Release */ = {
			isa = XCBuildConfiguration;
			buildSettings = {
				ASSETCATALOG_COMPILER_APPICON_NAME = AppIcon;
				ASSETCATALOG_COMPILER_GLOBAL_ACCENT_COLOR_NAME = AccentColor;
				CODE_SIGN_ENTITLEMENTS = AiChatApp/AiChatApp.entitlements;
				CODE_SIGN_STYLE = Automatic;
				CURRENT_PROJECT_VERSION = 1;
				DEVELOPMENT_ASSET_PATHS = "\"AiChatApp/Preview Content\"";
				DEVELOPMENT_TEAM = P2GURVV2B3;
				ENABLE_HARDENED_RUNTIME = YES;
				ENABLE_PREVIEWS = YES;
				ENABLE_USER_SCRIPT_SANDBOXING = NO;
				GENERATE_INFOPLIST_FILE = YES;
				INFOPLIST_KEY_CFBundleDisplayName = "Ai Chat";
				"INFOPLIST_KEY_UIApplicationSceneManifest_Generation[sdk=iphoneos*]" = YES;
				"INFOPLIST_KEY_UIApplicationSceneManifest_Generation[sdk=iphonesimulator*]" = YES;
				"INFOPLIST_KEY_UIApplicationSupportsIndirectInputEvents[sdk=iphoneos*]" = YES;
				"INFOPLIST_KEY_UIApplicationSupportsIndirectInputEvents[sdk=iphonesimulator*]" = YES;
				"INFOPLIST_KEY_UILaunchScreen_Generation[sdk=iphoneos*]" = YES;
				"INFOPLIST_KEY_UILaunchScreen_Generation[sdk=iphonesimulator*]" = YES;
				INFOPLIST_KEY_UILaunchStoryboardName = LaunchScreen;
				"INFOPLIST_KEY_UIStatusBarStyle[sdk=iphoneos*]" = UIStatusBarStyleDefault;
				"INFOPLIST_KEY_UIStatusBarStyle[sdk=iphonesimulator*]" = UIStatusBarStyleDefault;
				INFOPLIST_KEY_UISupportedInterfaceOrientations_iPad = "UIInterfaceOrientationPortrait UIInterfaceOrientationPortraitUpsideDown UIInterfaceOrientationLandscapeLeft UIInterfaceOrientationLandscapeRight";
				INFOPLIST_KEY_UISupportedInterfaceOrientations_iPhone = "UIInterfaceOrientationPortrait UIInterfaceOrientationLandscapeLeft UIInterfaceOrientationLandscapeRight";
				IPHONEOS_DEPLOYMENT_TARGET = 18.0;
				LD_RUNPATH_SEARCH_PATHS = "@executable_path/Frameworks";
				"LD_RUNPATH_SEARCH_PATHS[sdk=macosx*]" = "@executable_path/../Frameworks";
				MACOSX_DEPLOYMENT_TARGET = 15.2;
				MARKETING_VERSION = 1.0;
				PRODUCT_BUNDLE_IDENTIFIER = com.ivaniuk.aiChatApp.AiChatApp;
				PRODUCT_NAME = "$(TARGET_NAME)";
				SDKROOT = auto;
				SUPPORTED_PLATFORMS = "iphoneos iphonesimulator";
				SUPPORTS_MACCATALYST = YES;
				SWIFT_EMIT_LOC_STRINGS = YES;
				SWIFT_VERSION = 6.0;
				TARGETED_DEVICE_FAMILY = "1,2";
				XROS_DEPLOYMENT_TARGET = 2.2;
			};
			name = Release;
		};
		A3011F692D5AE18C005A274F /* Debug */ = {
			isa = XCBuildConfiguration;
			buildSettings = {
				BUNDLE_LOADER = "$(TEST_HOST)";
				CODE_SIGN_STYLE = Automatic;
				CURRENT_PROJECT_VERSION = 1;
				DEVELOPMENT_TEAM = TGQ6Y9489U;
				GENERATE_INFOPLIST_FILE = YES;
				IPHONEOS_DEPLOYMENT_TARGET = 18.2;
				MACOSX_DEPLOYMENT_TARGET = 15.2;
				MARKETING_VERSION = 1.0;
				PRODUCT_BUNDLE_IDENTIFIER = com.ivaniuk.aiChatApp.AiChatAppTests;
				PRODUCT_NAME = "$(TARGET_NAME)";
				SDKROOT = auto;
				SUPPORTED_PLATFORMS = "iphoneos iphonesimulator macosx xros xrsimulator";
				SWIFT_EMIT_LOC_STRINGS = NO;
				SWIFT_VERSION = 5.0;
				TARGETED_DEVICE_FAMILY = "1,2,7";
				TEST_HOST = "$(BUILT_PRODUCTS_DIR)/AiChatApp.app/$(BUNDLE_EXECUTABLE_FOLDER_PATH)/AiChatApp";
				XROS_DEPLOYMENT_TARGET = 2.2;
			};
			name = Debug;
		};
		A3011F6A2D5AE18C005A274F /* Release */ = {
			isa = XCBuildConfiguration;
			buildSettings = {
				BUNDLE_LOADER = "$(TEST_HOST)";
				CODE_SIGN_STYLE = Automatic;
				CURRENT_PROJECT_VERSION = 1;
				DEVELOPMENT_TEAM = TGQ6Y9489U;
				GENERATE_INFOPLIST_FILE = YES;
				IPHONEOS_DEPLOYMENT_TARGET = 18.2;
				MACOSX_DEPLOYMENT_TARGET = 15.2;
				MARKETING_VERSION = 1.0;
				PRODUCT_BUNDLE_IDENTIFIER = com.ivaniuk.aiChatApp.AiChatAppTests;
				PRODUCT_NAME = "$(TARGET_NAME)";
				SDKROOT = auto;
				SUPPORTED_PLATFORMS = "iphoneos iphonesimulator macosx xros xrsimulator";
				SWIFT_EMIT_LOC_STRINGS = NO;
				SWIFT_VERSION = 5.0;
				TARGETED_DEVICE_FAMILY = "1,2,7";
				TEST_HOST = "$(BUILT_PRODUCTS_DIR)/AiChatApp.app/$(BUNDLE_EXECUTABLE_FOLDER_PATH)/AiChatApp";
				XROS_DEPLOYMENT_TARGET = 2.2;
			};
			name = Release;
		};
		A3011F6C2D5AE18C005A274F /* Debug */ = {
			isa = XCBuildConfiguration;
			buildSettings = {
				CODE_SIGN_STYLE = Automatic;
				CURRENT_PROJECT_VERSION = 1;
				DEVELOPMENT_TEAM = TGQ6Y9489U;
				GENERATE_INFOPLIST_FILE = YES;
				IPHONEOS_DEPLOYMENT_TARGET = 18.2;
				MACOSX_DEPLOYMENT_TARGET = 15.2;
				MARKETING_VERSION = 1.0;
				PRODUCT_BUNDLE_IDENTIFIER = com.ivaniuk.aiChatApp.AiChatAppUITests;
				PRODUCT_NAME = "$(TARGET_NAME)";
				SDKROOT = auto;
				SUPPORTED_PLATFORMS = "iphoneos iphonesimulator macosx xros xrsimulator";
				SWIFT_EMIT_LOC_STRINGS = NO;
				SWIFT_VERSION = 5.0;
				TARGETED_DEVICE_FAMILY = "1,2,7";
				TEST_TARGET_NAME = AiChatApp;
				XROS_DEPLOYMENT_TARGET = 2.2;
			};
			name = Debug;
		};
		A3011F6D2D5AE18C005A274F /* Release */ = {
			isa = XCBuildConfiguration;
			buildSettings = {
				CODE_SIGN_STYLE = Automatic;
				CURRENT_PROJECT_VERSION = 1;
				DEVELOPMENT_TEAM = TGQ6Y9489U;
				GENERATE_INFOPLIST_FILE = YES;
				IPHONEOS_DEPLOYMENT_TARGET = 18.2;
				MACOSX_DEPLOYMENT_TARGET = 15.2;
				MARKETING_VERSION = 1.0;
				PRODUCT_BUNDLE_IDENTIFIER = com.ivaniuk.aiChatApp.AiChatAppUITests;
				PRODUCT_NAME = "$(TARGET_NAME)";
				SDKROOT = auto;
				SUPPORTED_PLATFORMS = "iphoneos iphonesimulator macosx xros xrsimulator";
				SWIFT_EMIT_LOC_STRINGS = NO;
				SWIFT_VERSION = 5.0;
				TARGETED_DEVICE_FAMILY = "1,2,7";
				TEST_TARGET_NAME = AiChatApp;
				XROS_DEPLOYMENT_TARGET = 2.2;
			};
			name = Release;
		};
/* End XCBuildConfiguration section */

/* Begin XCConfigurationList section */
		A3011F3B2D5AE18B005A274F /* Build configuration list for PBXProject "AiChatApp" */ = {
			isa = XCConfigurationList;
			buildConfigurations = (
				A3011F632D5AE18C005A274F /* Debug */,
				A3011F642D5AE18C005A274F /* Release */,
			);
			defaultConfigurationIsVisible = 0;
			defaultConfigurationName = Release;
		};
		A3011F652D5AE18C005A274F /* Build configuration list for PBXNativeTarget "AiChatApp" */ = {
			isa = XCConfigurationList;
			buildConfigurations = (
				A3011F662D5AE18C005A274F /* Debug */,
				A3011F672D5AE18C005A274F /* Release */,
			);
			defaultConfigurationIsVisible = 0;
			defaultConfigurationName = Release;
		};
		A3011F682D5AE18C005A274F /* Build configuration list for PBXNativeTarget "AiChatAppTests" */ = {
			isa = XCConfigurationList;
			buildConfigurations = (
				A3011F692D5AE18C005A274F /* Debug */,
				A3011F6A2D5AE18C005A274F /* Release */,
			);
			defaultConfigurationIsVisible = 0;
			defaultConfigurationName = Release;
		};
		A3011F6B2D5AE18C005A274F /* Build configuration list for PBXNativeTarget "AiChatAppUITests" */ = {
			isa = XCConfigurationList;
			buildConfigurations = (
				A3011F6C2D5AE18C005A274F /* Debug */,
				A3011F6D2D5AE18C005A274F /* Release */,
			);
			defaultConfigurationIsVisible = 0;
			defaultConfigurationName = Release;
		};
/* End XCConfigurationList section */

/* Begin XCRemoteSwiftPackageReference section */
		A35622E52EF1B1300084E931 /* XCRemoteSwiftPackageReference "firebase-ios-sdk" */ = {
			isa = XCRemoteSwiftPackageReference;
			repositoryURL = "https://github.com/firebase/firebase-ios-sdk";
			requirement = {
				kind = upToNextMajorVersion;
				minimumVersion = 12.7.0;
			};
		};
		A35622FA2EF1C02D0084E931 /* XCRemoteSwiftPackageReference "SignInAppleAsync" */ = {
			isa = XCRemoteSwiftPackageReference;
			repositoryURL = "https://github.com/SwiftfulThinking/SignInAppleAsync";
			requirement = {
				kind = upToNextMajorVersion;
				minimumVersion = 1.0.2;
			};
		};
		A356230A2EF336240084E931 /* XCRemoteSwiftPackageReference "SwiftfulFirestore" */ = {
			isa = XCRemoteSwiftPackageReference;
			repositoryURL = "https://github.com/SwiftfulThinking/SwiftfulFirestore";
			requirement = {
				kind = upToNextMajorVersion;
				minimumVersion = 11.0.4;
			};
		};
		A3F4E8962DB6B4BA008F48D3 /* XCRemoteSwiftPackageReference "SDWebImageSwiftUI" */ = {
			isa = XCRemoteSwiftPackageReference;
			repositoryURL = "https://github.com/SDWebImage/SDWebImageSwiftUI.git";
			requirement = {
				kind = upToNextMajorVersion;
				minimumVersion = 3.1.3;
			};
		};
		A3F4E8D92DBFD51F008F48D3 /* XCRemoteSwiftPackageReference "SwiftfulUtilities" */ = {
			isa = XCRemoteSwiftPackageReference;
			repositoryURL = "https://github.com/SwiftfulThinking/SwiftfulUtilities.git";
			requirement = {
				kind = upToNextMajorVersion;
				minimumVersion = 1.1.6;
			};
		};
/* End XCRemoteSwiftPackageReference section */

/* Begin XCSwiftPackageProductDependency section */
		A35622E62EF1B1300084E931 /* FirebaseAuth */ = {
			isa = XCSwiftPackageProductDependency;
			package = A35622E52EF1B1300084E931 /* XCRemoteSwiftPackageReference "firebase-ios-sdk" */;
			productName = FirebaseAuth;
		};
		A35622FB2EF1C02D0084E931 /* SignInAppleAsync */ = {
			isa = XCSwiftPackageProductDependency;
			package = A35622FA2EF1C02D0084E931 /* XCRemoteSwiftPackageReference "SignInAppleAsync" */;
			productName = SignInAppleAsync;
		};
		A35623082EF326E20084E931 /* FirebaseFirestore */ = {
			isa = XCSwiftPackageProductDependency;
			package = A35622E52EF1B1300084E931 /* XCRemoteSwiftPackageReference "firebase-ios-sdk" */;
			productName = FirebaseFirestore;
		};
		A356230B2EF336240084E931 /* SwiftfulFirestore */ = {
			isa = XCSwiftPackageProductDependency;
			package = A356230A2EF336240084E931 /* XCRemoteSwiftPackageReference "SwiftfulFirestore" */;
			productName = SwiftfulFirestore;
		};
		A3F4E8972DB6B4BA008F48D3 /* SDWebImageSwiftUI */ = {
			isa = XCSwiftPackageProductDependency;
			package = A3F4E8962DB6B4BA008F48D3 /* XCRemoteSwiftPackageReference "SDWebImageSwiftUI" */;
			productName = SDWebImageSwiftUI;
		};
		A3F4E8DA2DBFD51F008F48D3 /* SwiftfulUtilities */ = {
			isa = XCSwiftPackageProductDependency;
			package = A3F4E8D92DBFD51F008F48D3 /* XCRemoteSwiftPackageReference "SwiftfulUtilities" */;
			productName = SwiftfulUtilities;
		};
/* End XCSwiftPackageProductDependency section */
	};
	rootObject = A3011F382D5AE18B005A274F /* Project object */;
}
